
Microsoft Visual Studio Solution File, Format Version 12.00
# Visual Studio Version 17
VisualStudioVersion = 17.7.34031.279
MinimumVisualStudioVersion = 10.0.40219.1
Project("{FAE04EC0-301F-11D3-BF4B-00C04F79EFBC}") = "LINQINTRODUCCION01", "01Introduccion\LINQINTRODUCCION01.csproj", "{35B546C5-13E3-441D-945D-536998F1736E}"
EndProject
Project("{FAE04EC0-301F-11D3-BF4B-00C04F79EFBC}") = "ModosDiferidoeInmediato02", "ModosDiferidoeInmediato02\ModosDiferidoeInmediato02.csproj", "{F65C06DC-9440-4F2D-8C36-F34CD77B5F5E}"
EndProject
Project("{FAE04EC0-301F-11D3-BF4B-00C04F79EFBC}") = "LINQMetodoClase03", "LINQMetodoClase03\LINQMetodoClase03.csproj", "{B7586A9E-FA6C-4DCF-A240-817C341DAEF7}"
EndProject
Project("{FAE04EC0-301F-11D3-BF4B-00C04F79EFBC}") = "04LinqClases", "04LinqClases\04LinqClases.csproj", "{0857D9D5-FF40-4A27-94D4-F0B4B0B89E8F}"
EndProject
Project("{FAE04EC0-301F-11D3-BF4B-00C04F79EFBC}") = "05_ArrayListTips", "05_ArrayListTips\05_ArrayListTips.csproj", "{99FA9F03-D95D-4E78-B25D-04D624BD0561}"
EndProject
Project("{FAE04EC0-301F-11D3-BF4B-00C04F79EFBC}") = "06_OperacionesLinq", "07_OperacionesLinq\06_OperacionesLinq.csproj", "{9AA57B54-E075-4F7D-A487-C99EE7872E0D}"
EndProject
Project("{FAE04EC0-301F-11D3-BF4B-00C04F79EFBC}") = "07_Conjuntos", "07_Conjuntos\07_Conjuntos.csproj", "{9385F38E-50B9-43E6-BBD3-81B8B728581D}"
EndProject
Project("{FAE04EC0-301F-11D3-BF4B-00C04F79EFBC}") = "08_LinqFluentSintax", "08_LinqFluentSintax\08_LinqFluentSintax.csproj", "{85485393-16DA-454D-BABB-2B69F9CBAD38}"
EndProject
Project("{FAE04EC0-301F-11D3-BF4B-00C04F79EFBC}") = "09_LinqMasOperadores", "09_LinqMasOperadores\09_LinqMasOperadores.csproj", "{167E73B5-2806-4C85-A607-AC896BF38220}"
EndProject
Project("{FAE04EC0-301F-11D3-BF4B-00C04F79EFBC}") = "10_Linq_Subquery", "10_Linq_Subquery\10_Linq_Subquery.csproj", "{DC29E5A6-9072-4008-9D19-8FCBE1DC0064}"
EndProject
Project("{FAE04EC0-301F-11D3-BF4B-00C04F79EFBC}") = "11_Linq_QueryProgresivo", "11_Linq_QueryProgresivo\11_Linq_QueryProgresivo.csproj", "{5FFCED4F-1A77-4647-ABA2-96F3F4305DA0}"
EndProject
Project("{FAE04EC0-301F-11D3-BF4B-00C04F79EFBC}") = "12_ Linq_Operadores1", "Linq_Operadores1\12_ Linq_Operadores1.csproj", "{C688D2AC-2D1E-47FF-8F23-B2C655840FE8}"
EndProject
Project("{FAE04EC0-301F-11D3-BF4B-00C04F79EFBC}") = "13_Linq_Operadores2", "13_Linq_Operadores2\13_Linq_Operadores2.csproj", "{A7BBC1E5-22B7-4FFC-B917-B86E0E7C7A8D}"
EndProject
Project("{FAE04EC0-301F-11D3-BF4B-00C04F79EFBC}") = "14_Linq_Operadores3", "14_Linq_Operadores3\14_Linq_Operadores3.csproj", "{1DD9237B-991D-40D6-9739-4A6C54F752EB}"
EndProject
Global
	GlobalSection(SolutionConfigurationPlatforms) = preSolution
		Debug|Any CPU = Debug|Any CPU
		Release|Any CPU = Release|Any CPU
	EndGlobalSection
	GlobalSection(ProjectConfigurationPlatforms) = postSolution
		{35B546C5-13E3-441D-945D-536998F1736E}.Debug|Any CPU.ActiveCfg = Debug|Any CPU
		{35B546C5-13E3-441D-945D-536998F1736E}.Debug|Any CPU.Build.0 = Debug|Any CPU
		{35B546C5-13E3-441D-945D-536998F1736E}.Release|Any CPU.ActiveCfg = Release|Any CPU
		{35B546C5-13E3-441D-945D-536998F1736E}.Release|Any CPU.Build.0 = Release|Any CPU
		{F65C06DC-9440-4F2D-8C36-F34CD77B5F5E}.Debug|Any CPU.ActiveCfg = Debug|Any CPU
		{F65C06DC-9440-4F2D-8C36-F34CD77B5F5E}.Debug|Any CPU.Build.0 = Debug|Any CPU
		{F65C06DC-9440-4F2D-8C36-F34CD77B5F5E}.Release|Any CPU.ActiveCfg = Release|Any CPU
		{F65C06DC-9440-4F2D-8C36-F34CD77B5F5E}.Release|Any CPU.Build.0 = Release|Any CPU
		{B7586A9E-FA6C-4DCF-A240-817C341DAEF7}.Debug|Any CPU.ActiveCfg = Debug|Any CPU
		{B7586A9E-FA6C-4DCF-A240-817C341DAEF7}.Debug|Any CPU.Build.0 = Debug|Any CPU
		{B7586A9E-FA6C-4DCF-A240-817C341DAEF7}.Release|Any CPU.ActiveCfg = Release|Any CPU
		{B7586A9E-FA6C-4DCF-A240-817C341DAEF7}.Release|Any CPU.Build.0 = Release|Any CPU
		{0857D9D5-FF40-4A27-94D4-F0B4B0B89E8F}.Debug|Any CPU.ActiveCfg = Debug|Any CPU
		{0857D9D5-FF40-4A27-94D4-F0B4B0B89E8F}.Debug|Any CPU.Build.0 = Debug|Any CPU
		{0857D9D5-FF40-4A27-94D4-F0B4B0B89E8F}.Release|Any CPU.ActiveCfg = Release|Any CPU
		{0857D9D5-FF40-4A27-94D4-F0B4B0B89E8F}.Release|Any CPU.Build.0 = Release|Any CPU
		{99FA9F03-D95D-4E78-B25D-04D624BD0561}.Debug|Any CPU.ActiveCfg = Debug|Any CPU
		{99FA9F03-D95D-4E78-B25D-04D624BD0561}.Debug|Any CPU.Build.0 = Debug|Any CPU
		{99FA9F03-D95D-4E78-B25D-04D624BD0561}.Release|Any CPU.ActiveCfg = Release|Any CPU
		{99FA9F03-D95D-4E78-B25D-04D624BD0561}.Release|Any CPU.Build.0 = Release|Any CPU
		{9AA57B54-E075-4F7D-A487-C99EE7872E0D}.Debug|Any CPU.ActiveCfg = Debug|Any CPU
		{9AA57B54-E075-4F7D-A487-C99EE7872E0D}.Debug|Any CPU.Build.0 = Debug|Any CPU
		{9AA57B54-E075-4F7D-A487-C99EE7872E0D}.Release|Any CPU.ActiveCfg = Release|Any CPU
		{9AA57B54-E075-4F7D-A487-C99EE7872E0D}.Release|Any CPU.Build.0 = Release|Any CPU
		{9385F38E-50B9-43E6-BBD3-81B8B728581D}.Debug|Any CPU.ActiveCfg = Debug|Any CPU
		{9385F38E-50B9-43E6-BBD3-81B8B728581D}.Debug|Any CPU.Build.0 = Debug|Any CPU
		{9385F38E-50B9-43E6-BBD3-81B8B728581D}.Release|Any CPU.ActiveCfg = Release|Any CPU
		{9385F38E-50B9-43E6-BBD3-81B8B728581D}.Release|Any CPU.Build.0 = Release|Any CPU
		{85485393-16DA-454D-BABB-2B69F9CBAD38}.Debug|Any CPU.ActiveCfg = Debug|Any CPU
		{85485393-16DA-454D-BABB-2B69F9CBAD38}.Debug|Any CPU.Build.0 = Debug|Any CPU
		{85485393-16DA-454D-BABB-2B69F9CBAD38}.Release|Any CPU.ActiveCfg = Release|Any CPU
		{85485393-16DA-454D-BABB-2B69F9CBAD38}.Release|Any CPU.Build.0 = Release|Any CPU
		{167E73B5-2806-4C85-A607-AC896BF38220}.Debug|Any CPU.ActiveCfg = Debug|Any CPU
		{167E73B5-2806-4C85-A607-AC896BF38220}.Debug|Any CPU.Build.0 = Debug|Any CPU
		{167E73B5-2806-4C85-A607-AC896BF38220}.Release|Any CPU.ActiveCfg = Release|Any CPU
		{167E73B5-2806-4C85-A607-AC896BF38220}.Release|Any CPU.Build.0 = Release|Any CPU
		{DC29E5A6-9072-4008-9D19-8FCBE1DC0064}.Debug|Any CPU.ActiveCfg = Debug|Any CPU
		{DC29E5A6-9072-4008-9D19-8FCBE1DC0064}.Debug|Any CPU.Build.0 = Debug|Any CPU
		{DC29E5A6-9072-4008-9D19-8FCBE1DC0064}.Release|Any CPU.ActiveCfg = Release|Any CPU
		{DC29E5A6-9072-4008-9D19-8FCBE1DC0064}.Release|Any CPU.Build.0 = Release|Any CPU
		{5FFCED4F-1A77-4647-ABA2-96F3F4305DA0}.Debug|Any CPU.ActiveCfg = Debug|Any CPU
		{5FFCED4F-1A77-4647-ABA2-96F3F4305DA0}.Debug|Any CPU.Build.0 = Debug|Any CPU
		{5FFCED4F-1A77-4647-ABA2-96F3F4305DA0}.Release|Any CPU.ActiveCfg = Release|Any CPU
		{5FFCED4F-1A77-4647-ABA2-96F3F4305DA0}.Release|Any CPU.Build.0 = Release|Any CPU
		{C688D2AC-2D1E-47FF-8F23-B2C655840FE8}.Debug|Any CPU.ActiveCfg = Debug|Any CPU
		{C688D2AC-2D1E-47FF-8F23-B2C655840FE8}.Debug|Any CPU.Build.0 = Debug|Any CPU
		{C688D2AC-2D1E-47FF-8F23-B2C655840FE8}.Release|Any CPU.ActiveCfg = Release|Any CPU
		{C688D2AC-2D1E-47FF-8F23-B2C655840FE8}.Release|Any CPU.Build.0 = Release|Any CPU
		{A7BBC1E5-22B7-4FFC-B917-B86E0E7C7A8D}.Debug|Any CPU.ActiveCfg = Debug|Any CPU
		{A7BBC1E5-22B7-4FFC-B917-B86E0E7C7A8D}.Debug|Any CPU.Build.0 = Debug|Any CPU
		{A7BBC1E5-22B7-4FFC-B917-B86E0E7C7A8D}.Release|Any CPU.ActiveCfg = Release|Any CPU
		{A7BBC1E5-22B7-4FFC-B917-B86E0E7C7A8D}.Release|Any CPU.Build.0 = Release|Any CPU
		{1DD9237B-991D-40D6-9739-4A6C54F752EB}.Debug|Any CPU.ActiveCfg = Debug|Any CPU
		{1DD9237B-991D-40D6-9739-4A6C54F752EB}.Debug|Any CPU.Build.0 = Debug|Any CPU
		{1DD9237B-991D-40D6-9739-4A6C54F752EB}.Release|Any CPU.ActiveCfg = Release|Any CPU
		{1DD9237B-991D-40D6-9739-4A6C54F752EB}.Release|Any CPU.Build.0 = Release|Any CPU
	EndGlobalSection
	GlobalSection(SolutionProperties) = preSolution
		HideSolutionNode = FALSE
	EndGlobalSection
	GlobalSection(ExtensibilityGlobals) = postSolution
		SolutionGuid = {19C18008-FE27-41CE-8B6B-ABFCA3D8DC9A}
	EndGlobalSection
EndGlobal
