
Microsoft Visual Studio Solution File, Format Version 12.00
# Visual Studio Version 17
VisualStudioVersion = 17.7.34031.279
MinimumVisualStudioVersion = 10.0.40219.1
Project("{FAE04EC0-301F-11D3-BF4B-00C04F79EFBC}") = "LINQINTRODUCCION01", "01Introduccion\LINQINTRODUCCION01.csproj", "{35B546C5-13E3-441D-945D-536998F1736E}"
EndProject
Project("{FAE04EC0-301F-11D3-BF4B-00C04F79EFBC}") = "ModosDiferidoeInmediato02", "ModosDiferidoeInmediato02\ModosDiferidoeInmediato02.csproj", "{F65C06DC-9440-4F2D-8C36-F34CD77B5F5E}"
EndProject
Project("{FAE04EC0-301F-11D3-BF4B-00C04F79EFBC}") = "LINQMetodoClase03", "LINQMetodoClase03\LINQMetodoClase03.csproj", "{B7586A9E-FA6C-4DCF-A240-817C341DAEF7}"
EndProject
Project("{FAE04EC0-301F-11D3-BF4B-00C04F79EFBC}") = "04LinqClases", "04LinqClases\04LinqClases.csproj", "{0857D9D5-FF40-4A27-94D4-F0B4B0B89E8F}"
EndProject
Project("{FAE04EC0-301F-11D3-BF4B-00C04F79EFBC}") = "05_ArrayListTips", "05_ArrayListTips\05_ArrayListTips.csproj", "{99FA9F03-D95D-4E78-B25D-04D624BD0561}"
EndProject
Project("{FAE04EC0-301F-11D3-BF4B-00C04F79EFBC}") = "06_OperacionesLinq", "07_OperacionesLinq\06_OperacionesLinq.csproj", "{9AA57B54-E075-4F7D-A487-C99EE7872E0D}"
EndProject
Global
	GlobalSection(SolutionConfigurationPlatforms) = preSolution
		Debug|Any CPU = Debug|Any CPU
		Release|Any CPU = Release|Any CPU
	EndGlobalSection
	GlobalSection(ProjectConfigurationPlatforms) = postSolution
		{35B546C5-13E3-441D-945D-536998F1736E}.Debug|Any CPU.ActiveCfg = Debug|Any CPU
		{35B546C5-13E3-441D-945D-536998F1736E}.Debug|Any CPU.Build.0 = Debug|Any CPU
		{35B546C5-13E3-441D-945D-536998F1736E}.Release|Any CPU.ActiveCfg = Release|Any CPU
		{35B546C5-13E3-441D-945D-536998F1736E}.Release|Any CPU.Build.0 = Release|Any CPU
		{F65C06DC-9440-4F2D-8C36-F34CD77B5F5E}.Debug|Any CPU.ActiveCfg = Debug|Any CPU
		{F65C06DC-9440-4F2D-8C36-F34CD77B5F5E}.Debug|Any CPU.Build.0 = Debug|Any CPU
		{F65C06DC-9440-4F2D-8C36-F34CD77B5F5E}.Release|Any CPU.ActiveCfg = Release|Any CPU
		{F65C06DC-9440-4F2D-8C36-F34CD77B5F5E}.Release|Any CPU.Build.0 = Release|Any CPU
		{B7586A9E-FA6C-4DCF-A240-817C341DAEF7}.Debug|Any CPU.ActiveCfg = Debug|Any CPU
		{B7586A9E-FA6C-4DCF-A240-817C341DAEF7}.Debug|Any CPU.Build.0 = Debug|Any CPU
		{B7586A9E-FA6C-4DCF-A240-817C341DAEF7}.Release|Any CPU.ActiveCfg = Release|Any CPU
		{B7586A9E-FA6C-4DCF-A240-817C341DAEF7}.Release|Any CPU.Build.0 = Release|Any CPU
		{0857D9D5-FF40-4A27-94D4-F0B4B0B89E8F}.Debug|Any CPU.ActiveCfg = Debug|Any CPU
		{0857D9D5-FF40-4A27-94D4-F0B4B0B89E8F}.Debug|Any CPU.Build.0 = Debug|Any CPU
		{0857D9D5-FF40-4A27-94D4-F0B4B0B89E8F}.Release|Any CPU.ActiveCfg = Release|Any CPU
		{0857D9D5-FF40-4A27-94D4-F0B4B0B89E8F}.Release|Any CPU.Build.0 = Release|Any CPU
		{99FA9F03-D95D-4E78-B25D-04D624BD0561}.Debug|Any CPU.ActiveCfg = Debug|Any CPU
		{99FA9F03-D95D-4E78-B25D-04D624BD0561}.Debug|Any CPU.Build.0 = Debug|Any CPU
		{99FA9F03-D95D-4E78-B25D-04D624BD0561}.Release|Any CPU.ActiveCfg = Release|Any CPU
		{99FA9F03-D95D-4E78-B25D-04D624BD0561}.Release|Any CPU.Build.0 = Release|Any CPU
		{9AA57B54-E075-4F7D-A487-C99EE7872E0D}.Debug|Any CPU.ActiveCfg = Debug|Any CPU
		{9AA57B54-E075-4F7D-A487-C99EE7872E0D}.Debug|Any CPU.Build.0 = Debug|Any CPU
		{9AA57B54-E075-4F7D-A487-C99EE7872E0D}.Release|Any CPU.ActiveCfg = Release|Any CPU
		{9AA57B54-E075-4F7D-A487-C99EE7872E0D}.Release|Any CPU.Build.0 = Release|Any CPU
	EndGlobalSection
	GlobalSection(SolutionProperties) = preSolution
		HideSolutionNode = FALSE
	EndGlobalSection
	GlobalSection(ExtensibilityGlobals) = postSolution
		SolutionGuid = {19C18008-FE27-41CE-8B6B-ABFCA3D8DC9A}
	EndGlobalSection
EndGlobal
